
Microsoft Visual Studio Solution File, Format Version 12.00
# Visual Studio Version 17
VisualStudioVersion = 17.11.35222.181
MinimumVisualStudioVersion = 10.0.40219.1
Project("{9A19103F-16F7-4668-BE54-9A1E7A4F7556}") = "BlackJack.BlazorWasm", "BlackJack.BlazorWasm\BlackJack.BlazorWasm.csproj", "{3CD7C46E-3199-41E8-B0E9-34A7098D035B}"
EndProject
Project("{9A19103F-16F7-4668-BE54-9A1E7A4F7556}") = "BlackJack.API", "BlackJack.API\BlackJack.API.csproj", "{DA3C470D-0602-4235-9ED6-E3DD7F09A769}"
EndProject
Project("{9A19103F-16F7-4668-BE54-9A1E7A4F7556}") = "BlackJack.Domain", "BlackJack.Domain\BlackJack.Domain.csproj", "{A7E390D6-CBB4-4BAF-AC39-4B1B16B41DAD}"
EndProject
Global
	GlobalSection(SolutionConfigurationPlatforms) = preSolution
		Debug|Any CPU = Debug|Any CPU
		Release|Any CPU = Release|Any CPU
	EndGlobalSection
	GlobalSection(ProjectConfigurationPlatforms) = postSolution
		{3CD7C46E-3199-41E8-B0E9-34A7098D035B}.Debug|Any CPU.ActiveCfg = Debug|Any CPU
		{3CD7C46E-3199-41E8-B0E9-34A7098D035B}.Debug|Any CPU.Build.0 = Debug|Any CPU
		{3CD7C46E-3199-41E8-B0E9-34A7098D035B}.Release|Any CPU.ActiveCfg = Release|Any CPU
		{3CD7C46E-3199-41E8-B0E9-34A7098D035B}.Release|Any CPU.Build.0 = Release|Any CPU
		{DA3C470D-0602-4235-9ED6-E3DD7F09A769}.Debug|Any CPU.ActiveCfg = Debug|Any CPU
		{DA3C470D-0602-4235-9ED6-E3DD7F09A769}.Debug|Any CPU.Build.0 = Debug|Any CPU
		{DA3C470D-0602-4235-9ED6-E3DD7F09A769}.Release|Any CPU.ActiveCfg = Release|Any CPU
		{DA3C470D-0602-4235-9ED6-E3DD7F09A769}.Release|Any CPU.Build.0 = Release|Any CPU
		{A7E390D6-CBB4-4BAF-AC39-4B1B16B41DAD}.Debug|Any CPU.ActiveCfg = Debug|Any CPU
		{A7E390D6-CBB4-4BAF-AC39-4B1B16B41DAD}.Debug|Any CPU.Build.0 = Debug|Any CPU
		{A7E390D6-CBB4-4BAF-AC39-4B1B16B41DAD}.Release|Any CPU.ActiveCfg = Release|Any CPU
		{A7E390D6-CBB4-4BAF-AC39-4B1B16B41DAD}.Release|Any CPU.Build.0 = Release|Any CPU
	EndGlobalSection
	GlobalSection(SolutionProperties) = preSolution
		HideSolutionNode = FALSE
	EndGlobalSection
	GlobalSection(ExtensibilityGlobals) = postSolution
		SolutionGuid = {54A6EB13-D0AC-4728-B2CB-3A86AC67A52C}
	EndGlobalSection
EndGlobal
